github.com/fatih/structtag v1.2.0 h1:/OdNE99OxoI/PqaW/SuSK9uxxT3f/tcSZgon/ssNSx4=
github.com/fatih/structtag v1.2.0/go.mod h1:mBJUNpUnHmRKrKlQQlmCrh5PuhftFbNv8Ys4/aAZl94=
github.com/golangci/plugin-module-register v0.1.1 h1:TCmesur25LnyJkpsVrupv1Cdzo+2f7zX0H6Jkw1Ol6c=
github.com/golangci/plugin-module-register v0.1.1/go.mod h1:TTpqoB6KkwOJMV8u7+NyXMrkwwESJLOkfl9TxR1DGFc=
github.com/google/go-cmp v0.6.0 h1:ofyhxvXcZhMsU5ulbFiLKl/XBFqE1GSq7atu8tAmTRI=
github.com/google/go-cmp v0.6.0/go.mod h1:17dUlkBOakJ0+DkrSSNjCkIjxS6bF9zb3elmeNGIjoY=
github.com/synthesio/zconfig/v2 v2.1.0 h1:Qgg7MBJ84MhlELGLhiLXGQgjHQaMWB7caA/HTNl2n3Q=
github.com/synthesio/zconfig/v2 v2.1.0/go.mod h1:TpMqM/VWmhDCLN4siTc++uBCvZzFt6+wBv9SNt8BOAE=
golang.org/x/exp/typeparams v0.0.0-20240823005443-9b4947da3948 h1:mwwJFsdsQzu/zhRdxEXmpMvRMnAR6QpbAXx3cNooEf0=
golang.org/x/exp/typeparams v0.0.0-20240823005443-9b4947da3948/go.mod h1:AbB0pIl9nAr9wVwH+Z2ZpaocVmF5I4GyWCDIsVjR0bk=
golang.org/x/mod v0.20.0 h1:utOm6MM3R3dnawAiJgn0y+xvuYRsm1RKM/4giyfDgV0=
golang.org/x/mod v0.20.0/go.mod h1:hTbmBsO62+eylJbnUtE2MGJUyE7QWk4xUqPFrRgJ+7c=
golang.org/x/sync v0.8.0 h1:3NFvSEYkUoMifnESzZl15y791HH1qU2xm6eCJU5ZPXQ=
golang.org/x/sync v0.8.0/go.mod h1:Czt+wKu1gCyEFDUtn0jG5QVvpJ6rzVqr5aXyt9drQfk=
golang.org/x/tools v0.24.0 h1:J1shsA93PJUEVaUSaay7UXAyE8aimq3GW0pjlolpa24=
golang.org/x/tools v0.24.0/go.mod h1:YhNqVBIfWHdzvTLs0d8LCuMhkKUgSUKldakyV7W/WDQ=
